// !$*UTF8*$!
{
	archiveVersion = 1;
	classes = {
	};
	objectVersion = 52;
	objects = {

/* Begin PBXBuildFile section */
		1F1E742F26FBA30600B3F65D /* CurrentWeatherData.swift in Sources */ = {isa = PBXBuildFile; fileRef = 1F1E742E26FBA30600B3F65D /* CurrentWeatherData.swift */; };
		1F1E743126FBA64D00B3F65D /* NetworkManager.swift in Sources */ = {isa = PBXBuildFile; fileRef = 1F1E743026FBA64D00B3F65D /* NetworkManager.swift */; };
		1F1E743426FBA7D400B3F65D /* Alamofire in Frameworks */ = {isa = PBXBuildFile; productRef = 1F1E743326FBA7D400B3F65D /* Alamofire */; };
		1F39634E26B99680007C2D76 /* DataManager.swift in Sources */ = {isa = PBXBuildFile; fileRef = 1F39634D26B99680007C2D76 /* DataManager.swift */; };
		1F487ED226BB0E55002FE5CD /* StorageManager.swift in Sources */ = {isa = PBXBuildFile; fileRef = 1F487ED126BB0E55002FE5CD /* StorageManager.swift */; };
		1F6C530826B70B1200B7C8CF /* AppDelegate.swift in Sources */ = {isa = PBXBuildFile; fileRef = 1F6C530726B70B1200B7C8CF /* AppDelegate.swift */; };
		1F6C530C26B70B1200B7C8CF /* ShortForecastViewController.swift in Sources */ = {isa = PBXBuildFile; fileRef = 1F6C530B26B70B1200B7C8CF /* ShortForecastViewController.swift */; };
		1F6C531126B70B1500B7C8CF /* Assets.xcassets in Resources */ = {isa = PBXBuildFile; fileRef = 1F6C531026B70B1500B7C8CF /* Assets.xcassets */; };
		1FE94131270B429500512319 /* Constants.swift in Sources */ = {isa = PBXBuildFile; fileRef = 1FE94130270B429500512319 /* Constants.swift */; };
		ECC4632B26C03F3A00A9205D /* SnapKit in Frameworks */ = {isa = PBXBuildFile; productRef = ECC4632A26C03F3A00A9205D /* SnapKit */; };
/* End PBXBuildFile section */

/* Begin PBXFileReference section */
		1F1E742E26FBA30600B3F65D /* CurrentWeatherData.swift */ = {isa = PBXFileReference; lastKnownFileType = sourcecode.swift; path = CurrentWeatherData.swift; sourceTree = "<group>"; };
		1F1E743026FBA64D00B3F65D /* NetworkManager.swift */ = {isa = PBXFileReference; lastKnownFileType = sourcecode.swift; path = NetworkManager.swift; sourceTree = "<group>"; };
		1F39634D26B99680007C2D76 /* DataManager.swift */ = {isa = PBXFileReference; lastKnownFileType = sourcecode.swift; path = DataManager.swift; sourceTree = "<group>"; };
		1F487ED126BB0E55002FE5CD /* StorageManager.swift */ = {isa = PBXFileReference; lastKnownFileType = sourcecode.swift; path = StorageManager.swift; sourceTree = "<group>"; };
		1F6C530426B70B1200B7C8CF /* CityWeather.app */ = {isa = PBXFileReference; explicitFileType = wrapper.application; includeInIndex = 0; path = CityWeather.app; sourceTree = BUILT_PRODUCTS_DIR; };
		1F6C530726B70B1200B7C8CF /* AppDelegate.swift */ = {isa = PBXFileReference; lastKnownFileType = sourcecode.swift; path = AppDelegate.swift; sourceTree = "<group>"; };
		1F6C530B26B70B1200B7C8CF /* ShortForecastViewController.swift */ = {isa = PBXFileReference; lastKnownFileType = sourcecode.swift; path = ShortForecastViewController.swift; sourceTree = "<group>"; };
		1F6C531026B70B1500B7C8CF /* Assets.xcassets */ = {isa = PBXFileReference; lastKnownFileType = folder.assetcatalog; path = Assets.xcassets; sourceTree = "<group>"; };
		1F6C531526B70B1500B7C8CF /* Info.plist */ = {isa = PBXFileReference; lastKnownFileType = text.plist.xml; path = Info.plist; sourceTree = "<group>"; };
		1FE94130270B429500512319 /* Constants.swift */ = {isa = PBXFileReference; lastKnownFileType = sourcecode.swift; path = Constants.swift; sourceTree = "<group>"; };
/* End PBXFileReference section */

/* Begin PBXFrameworksBuildPhase section */
		1F6C530126B70B1200B7C8CF /* Frameworks */ = {
			isa = PBXFrameworksBuildPhase;
			buildActionMask = 2147483647;
			files = (
				ECC4632B26C03F3A00A9205D /* SnapKit in Frameworks */,
				1F1E743426FBA7D400B3F65D /* Alamofire in Frameworks */,
			);
			runOnlyForDeploymentPostprocessing = 0;
		};
/* End PBXFrameworksBuildPhase section */

/* Begin PBXGroup section */
		1F6C52FB26B70B1200B7C8CF = {
			isa = PBXGroup;
			children = (
				1F6C530626B70B1200B7C8CF /* CityWeather */,
				1F6C530526B70B1200B7C8CF /* Products */,
			);
			sourceTree = "<group>";
		};
		1F6C530526B70B1200B7C8CF /* Products */ = {
			isa = PBXGroup;
			children = (
				1F6C530426B70B1200B7C8CF /* CityWeather.app */,
			);
			name = Products;
			sourceTree = "<group>";
		};
		1F6C530626B70B1200B7C8CF /* CityWeather */ = {
			isa = PBXGroup;
			children = (
				1F1E742E26FBA30600B3F65D /* CurrentWeatherData.swift */,
				1F1E743026FBA64D00B3F65D /* NetworkManager.swift */,
				1FE9412F270B426100512319 /* Supporting files */,
				1F39634D26B99680007C2D76 /* DataManager.swift */,
				1F487ED126BB0E55002FE5CD /* StorageManager.swift */,
				1F6C530B26B70B1200B7C8CF /* ShortForecastViewController.swift */,
			);
			path = CityWeather;
			sourceTree = "<group>";
		};
		1FE9412F270B426100512319 /* Supporting files */ = {
			isa = PBXGroup;
			children = (
				1F6C530726B70B1200B7C8CF /* AppDelegate.swift */,
				1F6C531026B70B1500B7C8CF /* Assets.xcassets */,
				1F6C531526B70B1500B7C8CF /* Info.plist */,
				1FE94130270B429500512319 /* Constants.swift */,
			);
			path = "Supporting files";
			sourceTree = "<group>";
		};
/* End PBXGroup section */

/* Begin PBXNativeTarget section */
		1F6C530326B70B1200B7C8CF /* CityWeather */ = {
			isa = PBXNativeTarget;
			buildConfigurationList = 1F6C531826B70B1500B7C8CF /* Build configuration list for PBXNativeTarget "CityWeather" */;
			buildPhases = (
				1F6C530026B70B1200B7C8CF /* Sources */,
				1F6C530126B70B1200B7C8CF /* Frameworks */,
				1F6C530226B70B1200B7C8CF /* Resources */,
			);
			buildRules = (
			);
			dependencies = (
			);
			name = CityWeather;
			packageProductDependencies = (
				ECC4632A26C03F3A00A9205D /* SnapKit */,
				1F1E743326FBA7D400B3F65D /* Alamofire */,
			);
			productName = CityWeather;
			productReference = 1F6C530426B70B1200B7C8CF /* CityWeather.app */;
			productType = "com.apple.product-type.application";
		};
/* End PBXNativeTarget section */

/* Begin PBXProject section */
		1F6C52FC26B70B1200B7C8CF /* Project object */ = {
			isa = PBXProject;
			attributes = {
				LastSwiftUpdateCheck = 1240;
				LastUpgradeCheck = 1240;
				TargetAttributes = {
					1F6C530326B70B1200B7C8CF = {
						CreatedOnToolsVersion = 12.4;
					};
				};
			};
			buildConfigurationList = 1F6C52FF26B70B1200B7C8CF /* Build configuration list for PBXProject "CityWeather" */;
			compatibilityVersion = "Xcode 9.3";
			developmentRegion = en;
			hasScannedForEncodings = 0;
			knownRegions = (
				en,
				Base,
			);
			mainGroup = 1F6C52FB26B70B1200B7C8CF;
			packageReferences = (
				ECC4632926C03F3A00A9205D /* XCRemoteSwiftPackageReference "SnapKit" */,
				1F1E743226FBA7D400B3F65D /* XCRemoteSwiftPackageReference "Alamofire" */,
			);
			productRefGroup = 1F6C530526B70B1200B7C8CF /* Products */;
			projectDirPath = "";
			projectRoot = "";
			targets = (
				1F6C530326B70B1200B7C8CF /* CityWeather */,
			);
		};
/* End PBXProject section */

/* Begin PBXResourcesBuildPhase section */
		1F6C530226B70B1200B7C8CF /* Resources */ = {
			isa = PBXResourcesBuildPhase;
			buildActionMask = 2147483647;
			files = (
				1F6C531126B70B1500B7C8CF /* Assets.xcassets in Resources */,
			);
			runOnlyForDeploymentPostprocessing = 0;
		};
/* End PBXResourcesBuildPhase section */

/* Begin PBXSourcesBuildPhase section */
		1F6C530026B70B1200B7C8CF /* Sources */ = {
			isa = PBXSourcesBuildPhase;
			buildActionMask = 2147483647;
			files = (
				1F1E743126FBA64D00B3F65D /* NetworkManager.swift in Sources */,
				1F6C530C26B70B1200B7C8CF /* ShortForecastViewController.swift in Sources */,
				1F39634E26B99680007C2D76 /* DataManager.swift in Sources */,
				1F6C530826B70B1200B7C8CF /* AppDelegate.swift in Sources */,
				1FE94131270B429500512319 /* Constants.swift in Sources */,
				1F487ED226BB0E55002FE5CD /* StorageManager.swift in Sources */,
				1F1E742F26FBA30600B3F65D /* CurrentWeatherData.swift in Sources */,
			);
			runOnlyForDeploymentPostprocessing = 0;
		};
/* End PBXSourcesBuildPhase section */

/* Begin XCBuildConfiguration section */
		1F6C531626B70B1500B7C8CF /* Debug */ = {
			isa = XCBuildConfiguration;
			buildSettings = {
				ALWAYS_SEARCH_USER_PATHS = NO;
				CLANG_ANALYZER_NONNULL = YES;
				CLANG_ANALYZER_NUMBER_OBJECT_CONVERSION = YES_AGGRESSIVE;
				CLANG_CXX_LANGUAGE_STANDARD = "gnu++14";
				CLANG_CXX_LIBRARY = "libc++";
				CLANG_ENABLE_MODULES = YES;
				CLANG_ENABLE_OBJC_ARC = YES;
				CLANG_ENABLE_OBJC_WEAK = YES;
				CLANG_WARN_BLOCK_CAPTURE_AUTORELEASING = YES;
				CLANG_WARN_BOOL_CONVERSION = YES;
				CLANG_WARN_COMMA = YES;
				CLANG_WARN_CONSTANT_CONVERSION = YES;
				CLANG_WARN_DEPRECATED_OBJC_IMPLEMENTATIONS = YES;
				CLANG_WARN_DIRECT_OBJC_ISA_USAGE = YES_ERROR;
				CLANG_WARN_DOCUMENTATION_COMMENTS = YES;
				CLANG_WARN_EMPTY_BODY = YES;
				CLANG_WARN_ENUM_CONVERSION = YES;
				CLANG_WARN_INFINITE_RECURSION = YES;
				CLANG_WARN_INT_CONVERSION = YES;
				CLANG_WARN_NON_LITERAL_NULL_CONVERSION = YES;
				CLANG_WARN_OBJC_IMPLICIT_RETAIN_SELF = YES;
				CLANG_WARN_OBJC_LITERAL_CONVERSION = YES;
				CLANG_WARN_OBJC_ROOT_CLASS = YES_ERROR;
				CLANG_WARN_QUOTED_INCLUDE_IN_FRAMEWORK_HEADER = YES;
				CLANG_WARN_RANGE_LOOP_ANALYSIS = YES;
				CLANG_WARN_STRICT_PROTOTYPES = YES;
				CLANG_WARN_SUSPICIOUS_MOVE = YES;
				CLANG_WARN_UNGUARDED_AVAILABILITY = YES_AGGRESSIVE;
				CLANG_WARN_UNREACHABLE_CODE = YES;
				CLANG_WARN__DUPLICATE_METHOD_MATCH = YES;
				COPY_PHASE_STRIP = NO;
				DEBUG_INFORMATION_FORMAT = dwarf;
				ENABLE_STRICT_OBJC_MSGSEND = YES;
				ENABLE_TESTABILITY = YES;
				GCC_C_LANGUAGE_STANDARD = gnu11;
				GCC_DYNAMIC_NO_PIC = NO;
				GCC_NO_COMMON_BLOCKS = YES;
				GCC_OPTIMIZATION_LEVEL = 0;
				GCC_PREPROCESSOR_DEFINITIONS = (
					"DEBUG=1",
					"$(inherited)",
				);
				GCC_WARN_64_TO_32_BIT_CONVERSION = YES;
				GCC_WARN_ABOUT_RETURN_TYPE = YES_ERROR;
				GCC_WARN_UNDECLARED_SELECTOR = YES;
				GCC_WARN_UNINITIALIZED_AUTOS = YES_AGGRESSIVE;
				GCC_WARN_UNUSED_FUNCTION = YES;
				GCC_WARN_UNUSED_VARIABLE = YES;
				IPHONEOS_DEPLOYMENT_TARGET = 14.4;
				MTL_ENABLE_DEBUG_INFO = INCLUDE_SOURCE;
				MTL_FAST_MATH = YES;
				ONLY_ACTIVE_ARCH = YES;
				SDKROOT = iphoneos;
				SWIFT_ACTIVE_COMPILATION_CONDITIONS = DEBUG;
				SWIFT_OPTIMIZATION_LEVEL = "-Onone";
			};
			name = Debug;
		};
		1F6C531726B70B1500B7C8CF /* Release */ = {
			isa = XCBuildConfiguration;
			buildSettings = {
				ALWAYS_SEARCH_USER_PATHS = NO;
				CLANG_ANALYZER_NONNULL = YES;
				CLANG_ANALYZER_NUMBER_OBJECT_CONVERSION = YES_AGGRESSIVE;
				CLANG_CXX_LANGUAGE_STANDARD = "gnu++14";
				CLANG_CXX_LIBRARY = "libc++";
				CLANG_ENABLE_MODULES = YES;
				CLANG_ENABLE_OBJC_ARC = YES;
				CLANG_ENABLE_OBJC_WEAK = YES;
				CLANG_WARN_BLOCK_CAPTURE_AUTORELEASING = YES;
				CLANG_WARN_BOOL_CONVERSION = YES;
				CLANG_WARN_COMMA = YES;
				CLANG_WARN_CONSTANT_CONVERSION = YES;
				CLANG_WARN_DEPRECATED_OBJC_IMPLEMENTATIONS = YES;
				CLANG_WARN_DIRECT_OBJC_ISA_USAGE = YES_ERROR;
				CLANG_WARN_DOCUMENTATION_COMMENTS = YES;
				CLANG_WARN_EMPTY_BODY = YES;
				CLANG_WARN_ENUM_CONVERSION = YES;
				CLANG_WARN_INFINITE_RECURSION = YES;
				CLANG_WARN_INT_CONVERSION = YES;
				CLANG_WARN_NON_LITERAL_NULL_CONVERSION = YES;
				CLANG_WARN_OBJC_IMPLICIT_RETAIN_SELF = YES;
				CLANG_WARN_OBJC_LITERAL_CONVERSION = YES;
				CLANG_WARN_OBJC_ROOT_CLASS = YES_ERROR;
				CLANG_WARN_QUOTED_INCLUDE_IN_FRAMEWORK_HEADER = YES;
				CLANG_WARN_RANGE_LOOP_ANALYSIS = YES;
				CLANG_WARN_STRICT_PROTOTYPES = YES;
				CLANG_WARN_SUSPICIOUS_MOVE = YES;
				CLANG_WARN_UNGUARDED_AVAILABILITY = YES_AGGRESSIVE;
				CLANG_WARN_UNREACHABLE_CODE = YES;
				CLANG_WARN__DUPLICATE_METHOD_MATCH = YES;
				COPY_PHASE_STRIP = NO;
				DEBUG_INFORMATION_FORMAT = "dwarf-with-dsym";
				ENABLE_NS_ASSERTIONS = NO;
				ENABLE_STRICT_OBJC_MSGSEND = YES;
				GCC_C_LANGUAGE_STANDARD = gnu11;
				GCC_NO_COMMON_BLOCKS = YES;
				GCC_WARN_64_TO_32_BIT_CONVERSION = YES;
				GCC_WARN_ABOUT_RETURN_TYPE = YES_ERROR;
				GCC_WARN_UNDECLARED_SELECTOR = YES;
				GCC_WARN_UNINITIALIZED_AUTOS = YES_AGGRESSIVE;
				GCC_WARN_UNUSED_FUNCTION = YES;
				GCC_WARN_UNUSED_VARIABLE = YES;
				IPHONEOS_DEPLOYMENT_TARGET = 14.4;
				MTL_ENABLE_DEBUG_INFO = NO;
				MTL_FAST_MATH = YES;
				SDKROOT = iphoneos;
				SWIFT_COMPILATION_MODE = wholemodule;
				SWIFT_OPTIMIZATION_LEVEL = "-O";
				VALIDATE_PRODUCT = YES;
			};
			name = Release;
		};
		1F6C531926B70B1500B7C8CF /* Debug */ = {
			isa = XCBuildConfiguration;
			buildSettings = {
				ASSETCATALOG_COMPILER_APPICON_NAME = AppIcon;
				ASSETCATALOG_COMPILER_GLOBAL_ACCENT_COLOR_NAME = AccentColor;
				CODE_SIGN_STYLE = Automatic;
				DEVELOPMENT_TEAM = JKCU96H3SQ;
				INFOPLIST_FILE = "CityWeather/Supporting files/Info.plist";
				IPHONEOS_DEPLOYMENT_TARGET = 14.1;
				LD_RUNPATH_SEARCH_PATHS = (
					"$(inherited)",
					"@executable_path/Frameworks",
				);
				PRODUCT_BUNDLE_IDENTIFIER = ru.alexanderNikolaev.CityWeather;
				PRODUCT_NAME = "$(TARGET_NAME)";
				SWIFT_VERSION = 5.0;
				TARGETED_DEVICE_FAMILY = "1,2";
			};
			name = Debug;
		};
		1F6C531A26B70B1500B7C8CF /* Release */ = {
			isa = XCBuildConfiguration;
			buildSettings = {
				ASSETCATALOG_COMPILER_APPICON_NAME = AppIcon;
				ASSETCATALOG_COMPILER_GLOBAL_ACCENT_COLOR_NAME = AccentColor;
				CODE_SIGN_STYLE = Automatic;
				DEVELOPMENT_TEAM = JKCU96H3SQ;
				INFOPLIST_FILE = "CityWeather/Supporting files/Info.plist";
				IPHONEOS_DEPLOYMENT_TARGET = 14.1;
				LD_RUNPATH_SEARCH_PATHS = (
					"$(inherited)",
					"@executable_path/Frameworks",
				);
				PRODUCT_BUNDLE_IDENTIFIER = ru.alexanderNikolaev.CityWeather;
				PRODUCT_NAME = "$(TARGET_NAME)";
				SWIFT_VERSION = 5.0;
				TARGETED_DEVICE_FAMILY = "1,2";
			};
			name = Release;
		};
/* End XCBuildConfiguration section */

/* Begin XCConfigurationList section */
		1F6C52FF26B70B1200B7C8CF /* Build configuration list for PBXProject "CityWeather" */ = {
			isa = XCConfigurationList;
			buildConfigurations = (
				1F6C531626B70B1500B7C8CF /* Debug */,
				1F6C531726B70B1500B7C8CF /* Release */,
			);
			defaultConfigurationIsVisible = 0;
			defaultConfigurationName = Release;
		};
		1F6C531826B70B1500B7C8CF /* Build configuration list for PBXNativeTarget "CityWeather" */ = {
			isa = XCConfigurationList;
			buildConfigurations = (
				1F6C531926B70B1500B7C8CF /* Debug */,
				1F6C531A26B70B1500B7C8CF /* Release */,
			);
			defaultConfigurationIsVisible = 0;
			defaultConfigurationName = Release;
		};
/* End XCConfigurationList section */

/* Begin XCRemoteSwiftPackageReference section */
		1F1E743226FBA7D400B3F65D /* XCRemoteSwiftPackageReference "Alamofire" */ = {
			isa = XCRemoteSwiftPackageReference;
			repositoryURL = "https://github.com/Alamofire/Alamofire.git";
			requirement = {
				kind = upToNextMajorVersion;
				minimumVersion = 5.4.4;
			};
		};
		ECC4632926C03F3A00A9205D /* XCRemoteSwiftPackageReference "SnapKit" */ = {
			isa = XCRemoteSwiftPackageReference;
			repositoryURL = "https://github.com/SnapKit/SnapKit.git";
			requirement = {
				kind = upToNextMajorVersion;
				minimumVersion = 5.0.1;
			};
		};
/* End XCRemoteSwiftPackageReference section */

/* Begin XCSwiftPackageProductDependency section */
		1F1E743326FBA7D400B3F65D /* Alamofire */ = {
			isa = XCSwiftPackageProductDependency;
			package = 1F1E743226FBA7D400B3F65D /* XCRemoteSwiftPackageReference "Alamofire" */;
			productName = Alamofire;
		};
		ECC4632A26C03F3A00A9205D /* SnapKit */ = {
			isa = XCSwiftPackageProductDependency;
			package = ECC4632926C03F3A00A9205D /* XCRemoteSwiftPackageReference "SnapKit" */;
			productName = SnapKit;
		};
/* End XCSwiftPackageProductDependency section */
	};
	rootObject = 1F6C52FC26B70B1200B7C8CF /* Project object */;
}
